github.com/AllenDang/cimgui-go v1.3.0 h1:iFK0SBjfOnd8qCnn8PLMFh/uTceuJGN0hVXRxokMz20=
github.com/AllenDang/cimgui-go v1.3.0/go.mod h1:1i5vebTbRcCAlui+AUn3A3U0V2tu/qImW0NoLr+/Fek=
github.com/AllenDang/giu v0.12.0 h1:/ZUOEWEhTdQ9gd2nJE1DhvAnLBq8NgHjtPZWDJ6y3R8=
github.com/AllenDang/giu v0.12.0/go.mod h1:qsZleB09T410zM8TkOax12WMDVQ3lWxuh9KzVx4zU1Q=
github.com/AllenDang/go-findfont v0.0.0-20200702051237-9f180485aeb8 h1:dKZMqib/yUDoCFigmz2agG8geZ/e3iRq304/KJXqKyw=
github.com/AllenDang/go-findfont v0.0.0-20200702051237-9f180485aeb8/go.mod h1:b4uuDd0s6KRIPa84cEEchdQ9ICh7K0OryZHbSzMca9k=
github.com/angrycompany16/ebiten-LDTK v0.0.0-20250309221641-78a834c2be2b h1:EafVFBQ0XGFGC/T2Yk1rnsXCdH+gYFrmiXjRg1U7T2c=
github.com/angrycompany16/ebiten-LDTK v0.0.0-20250309221641-78a834c2be2b/go.mod h1:4Wk2jBxSVLyZy9XVUeJEeeaSw5aSGQSNlxyDv5GnFbs=
github.com/davecgh/go-spew v1.1.1 h1:vj9j/u1bqnvCEfJOwUhtlOARqs3+rkHYY13jYWTU97c=
github.com/davecgh/go-spew v1.1.1/go.mod h1:J7Y8YcW2NihsgmVo/mv3lAwl/skON4iLHjSsI+c5H38=
github.com/ebitengine/gomobile v0.0.0-20250209143333-6071a2a2351c h1:nCxkoQoJMcVLc5aoMp3ULbfyEMcQjxopBKgNQVBQFXE=
github.com/ebitengine/gomobile v0.0.0-20250209143333-6071a2a2351c/go.mod h1:yMh1VvLL71zDgHlVlIXXJIGmv36QcJ9ZD2gtIGYAp3I=
github.com/ebitengine/hideconsole v1.0.0 h1:5J4U0kXF+pv/DhiXt5/lTz0eO5ogJ1iXb8Yj1yReDqE=
github.com/ebitengine/hideconsole v1.0.0/go.mod h1:hTTBTvVYWKBuxPr7peweneWdkUwEuHuB3C1R/ielR1A=
github.com/ebitengine/purego v0.8.2 h1:jPPGWs2sZ1UgOSgD2bClL0MJIqu58nOmIcBuXr62z1I=
github.com/ebitengine/purego v0.8.2/go.mod h1:iIjxzd6CiRiOG0UyXP+V1+jWqUXVjPKLAI0mRfJZTmQ=
github.com/ebitenui/ebitenui v0.6.1 h1:7LELU/itTcnzHHrNBTNFCuZ3KF7Y372jWloPbGmBUJg=
github.com/ebitenui/ebitenui v0.6.1/go.mod h1:TgRNXSB+uSNmj0j45+tTQkluAaOx+WPm2M2Xau1HaFE=
github.com/faiface/mainthread v0.0.0-20171120011319-8b78f0a41ae3 h1:baVdMKlASEHrj19iqjARrPbaRisD7EuZEVJj6ZMLl1Q=
github.com/faiface/mainthread v0.0.0-20171120011319-8b78f0a41ae3/go.mod h1:VEPNJUlxl5KdWjDvz6Q1l+rJlxF2i6xqDeGuGAxa87M=
github.com/gabstv/cimgui-go v0.0.0-20231031174417-f6c70bbc133c h1:Wz7Fk6zXmwdk98Vm+kPe0UUKOLOPoAB+qv/zjk/E8jQ=
github.com/gabstv/cimgui-go v0.0.0-20231031174417-f6c70bbc133c/go.mod h1:YFpLc8WCZGvPU5UBGs9H7XZdTpUe3Ae5jWaDSDwv94s=
github.com/gabstv/ebiten-imgui v0.5.0 h1:xtRm2x4RGwCAuyhrZALK4enoSvHH1Kro69NdGn0JZ0w=
github.com/gabstv/ebiten-imgui v0.5.0/go.mod h1:1JdlgqWYHSNxWfrBfCeNyp8S4WtXq8uH8wFvpZqfxpc=
github.com/gabstv/ebiten-imgui/v3 v3.0.0 h1:Ya2E8q57YiqDIEmJcdSeqO8SZJdwz9s9nxu/qhFRjX0=
github.com/gabstv/ebiten-imgui/v3 v3.0.0/go.mod h1:dey4DrT0OltL0OQvG1iqaJRY8/C/988HX+Lu/LrDC5s=
github.com/go-text/typesetting v0.2.0 h1:fbzsgbmk04KiWtE+c3ZD4W2nmCRzBqrqQOvYlwAOdho=
github.com/go-text/typesetting v0.2.0/go.mod h1:2+owI/sxa73XA581LAzVuEBZ3WEEV2pXeDswCH/3i1I=
github.com/go-text/typesetting-utils v0.0.0-20240317173224-1986cbe96c66 h1:GUrm65PQPlhFSKjLPGOZNPNxLCybjzjYBzjfoBGaDUY=
github.com/go-text/typesetting-utils v0.0.0-20240317173224-1986cbe96c66/go.mod h1:DDxDdQEnB70R8owOx3LVpEFvpMK9eeH1o2r0yZhFI9o=
github.com/google/uuid v1.6.0 h1:NIvaJDMOsjHA8n1jAhLSgzrAzy1Hgr+hNrb57e+94F0=
github.com/google/uuid v1.6.0/go.mod h1:TIyPZe4MgqvfeYDBFedMoGGpEw/LqOeaOT+nhxU+yHo=
github.com/gucio321/glm-go v0.0.0-20241029220517-e1b5a3e011c8 h1:aczNwZRrReVWrZcqxvDjDmxP1NFISTAu+1Cp+3OCbUg=
github.com/gucio321/glm-go v0.0.0-20241029220517-e1b5a3e011c8/go.mod h1:Z3+NtD1rjXUVZg97dojhs70i5oneOrZ1xcFKfF/c2Ts=
github.com/hajimehoshi/bitmapfont/v3 v3.2.0 h1:0DISQM/rseKIJhdF29AkhvdzIULqNIIlXAGWit4ez1Q=
github.com/hajimehoshi/bitmapfont/v3 v3.2.0/go.mod h1:8gLqGatKVu0pwcNCJguW3Igg9WQqVXF0zg/RvrGQWyg=
github.com/hajimehoshi/ebiten/v2 v2.8.6 h1:Dkd/sYI0TYyZRCE7GVxV59XC+WCi2BbGAbIBjXeVC1U=
github.com/hajimehoshi/ebiten/v2 v2.8.6/go.mod h1:cCQ3np7rdmaJa1ZnvslraVlpxNb3wCjEnAP1LHNyXNA=
github.com/jezek/xgb v1.1.1 h1:bE/r8ZZtSv7l9gk6nU0mYx51aXrvnyb44892TwSaqS4=
github.com/jezek/xgb v1.1.1/go.mod h1:nrhwO0FX/enq75I7Y7G8iN1ubpSGZEiA3v9e9GyRFlk=
github.com/matryer/is v1.4.1 h1:55ehd8zaGABKLXQUe2awZ99BD/PTc2ls+KV/dXphgEQ=
github.com/matryer/is v1.4.1/go.mod h1:8I/i5uYgLzgsgEloJE1U6xx5HkBQpAZvepWuujKwMRU=
github.com/mazznoer/csscolorparser v0.1.5 h1:Wr4uNIE+pHWN3TqZn2SGpA2nLRG064gB7WdSfSS5cz4=
github.com/mazznoer/csscolorparser v0.1.5/go.mod h1:OQRVvgCyHDCAquR1YWfSwwaDcM0LhnSffGnlbOew/3I=
github.com/napsy/go-css v0.0.0-20221107082635-4ed403047a64 h1:7LWtWY3Ei9ghnamqn8xCu7LOXAKaQrcfbcf0sU33LG4=
github.com/napsy/go-css v0.0.0-20221107082635-4ed403047a64/go.mod h1:HqZYcKcNnv50fgOTdGUn9YbJa2qC9oJ3kLnyrwwVzUI=
github.com/pierrec/lz4/v4 v4.1.21 h1:yOVMLb6qSIDP67pl/5F7RepeKYu/VmTyEXvuMI5d9mQ=
github.com/pierrec/lz4/v4 v4.1.21/go.mod h1:gZWDp/Ze/IJXGXf23ltt2EXimqmTUXEy0GFuRQyBid4=
github.com/pkg/browser v0.0.0-20210911075715-681adbf594b8 h1:KoWmjvw+nsYOo29YJK9vDA65RGE3NrOnUtO7a+RF9HU=
github.com/pkg/browser v0.0.0-20210911075715-681adbf594b8/go.mod h1:HKlIX3XHQyzLZPlr7++PzdhaXEj94dEiJgZDTsxEqUI=
github.com/pmezard/go-difflib v1.0.0 h1:4DBwDE0NGyQoBHbLQYPwSUPoCMWR5BEzIk/f1lZbAQM=
github.com/pmezard/go-difflib v1.0.0/go.mod h1:iKH77koFhYxTK1pcRnkKkqfTogsbg7gZNVY4sRDYZ/4=
github.com/sahilm/fuzzy v0.1.1 h1:ceu5RHF8DGgoi+/dR5PsECjCDH1BE3Fnmpo7aVXOdRA=
github.com/sahilm/fuzzy v0.1.1/go.mod h1:VFvziUEIMCrT6A6tw2RFIXPXXmzXbOsSHF0DOI8ZK9Y=
github.com/stretchr/objx v0.5.2 h1:xuMeJ0Sdp5ZMRXx/aWO6RZxdr3beISkG5/G/aIRr3pY=
github.com/stretchr/objx v0.5.2/go.mod h1:FRsXN1f5AsAjCGJKqEizvkpNtU+EGNCLh3NxZ/8L+MA=
github.com/stretchr/testify v1.9.0 h1:HtqpIVDClZ4nwg75+f6Lvsy/wHu+3BoSGCbBAcpTsTg=
github.com/stretchr/testify v1.9.0/go.mod h1:r2ic/lqez/lEtzL7wO/rwa5dbSLXVDPFyf8C91i36aY=
github.com/stretchr/testify v1.10.0 h1:Xv5erBjTwe/5IxqUQTdXv5kgmIvbHo3QQyRwhJsOfJA=
golang.design/x/hotkey v0.4.1 h1:zLP/2Pztl4WjyxURdW84GoZ5LUrr6hr69CzJFJ5U1go=
golang.design/x/hotkey v0.4.1/go.mod h1:M8SGcwFYHnKRa83FpTFQoZvPO5vVT+kWPztFqTQKmXA=
golang.design/x/mainthread v0.3.0 h1:UwFus0lcPodNpMOGoQMe87jSFwbSsEY//CA7yVmu4j8=
golang.design/x/mainthread v0.3.0/go.mod h1:vYX7cF2b3pTJMGM/hc13NmN6kblKnf4/IyvHeu259L0=
golang.org/x/exp v0.0.0-20240808152545-0cdaa3abc0fa h1:ELnwvuAXPNtPk1TJRuGkI9fDTwym6AYBu0qzT8AcHdI=
golang.org/x/exp v0.0.0-20240808152545-0cdaa3abc0fa/go.mod h1:akd2r19cwCdwSwWeIdzYQGa/EZZyqcOdwWiwj5L5eKQ=
golang.org/x/image v0.23.0 h1:HseQ7c2OpPKTPVzNjG5fwJsOTCiiwS4QdsYi5XU6H68=
golang.org/x/image v0.23.0/go.mod h1:wJJBTdLfCCf3tiHa1fNxpZmUI4mmoZvwMCPP0ddoNKY=
golang.org/x/sync v0.12.0 h1:MHc5BpPuC30uJk597Ri8TV3CNZcTLu6B6z4lJy+g6Jw=
golang.org/x/sync v0.12.0/go.mod h1:1dzgHSNfp02xaA81J2MS99Qcpr2w7fw1gpm99rleRqA=
golang.org/x/sys v0.0.0-20201022201747-fb209a7c41cd/go.mod h1:h1NjWce9XRLGQEsW7wpKNCjG9DtNlClVuFLEZdDNbEs=
golang.org/x/sys v0.0.0-20210616045830-e2b7044e8c71/go.mod h1:oPkhp1MJrh7nUepCBck5+mAzfO9JrbApNNgaTdGDITg=
golang.org/x/sys v0.31.0 h1:ioabZlmFYtWhL+TRYpcnNlLwhyxaM9kWTDEmfnprqik=
golang.org/x/sys v0.31.0/go.mod h1:BJP2sWEmIv4KK5OTEluFJCKSidICx8ciO85XgH3Ak8k=
golang.org/x/text v0.21.0 h1:zyQAAkrwaneQ066sspRyJaG9VNi/YJ1NfzcGB3hZ/qo=
golang.org/x/text v0.21.0/go.mod h1:4IBbMaMmOPCJ8SecivzSH54+73PCFmPWxNTLm+vZkEQ=
gopkg.in/eapache/queue.v1 v1.1.0 h1:EldqoJEGtXYiVCMRo2C9mePO2UUGnYn2+qLmlQSqPdc=
gopkg.in/eapache/queue.v1 v1.1.0/go.mod h1:wNtmx1/O7kZSR9zNT1TTOJ7GLpm3Vn7srzlfylFbQwU=
gopkg.in/yaml.v3 v3.0.1 h1:fxVm/GzAzEWqLHuvctI91KS9hhNmmWOoWu0XTYJS7CA=
gopkg.in/yaml.v3 v3.0.1/go.mod h1:K4uyk7z7BCEPqu6E+C64Yfv1cQ7kz7rIZviUmN+EgEM=
